Microsoft Visual Studio Solution File, Format Version 12.00
# Visual Studio Version 17
VisualStudioVersion = 17.0.31903.59
MinimumVisualStudioVersion = 10.0.40219.1
Project("{2150E333-8FDC-42A3-9474-1A3956D46DE8}") = "src", "src", "{45E1B1B7-CB53-445A-9F27-5F6A02610D09}"
EndProject
Project("{FAE04EC0-301F-11D3-BF4B-00C04F79EFBC}") = "BlogAPI", "src\BlogAPI\BlogAPI.csproj", "{959C672C-5E0C-4FC6-A894-5AACB00F0793}"
EndProject
Project("{FAE04EC0-301F-11D3-BF4B-00C04F79EFBC}") = "BlogAPITests", "tests\BlogAPITests\BlogAPITests.csproj", "{12345678-1234-1234-1234-123456789012}"
EndProject
Global
	GlobalSection(SolutionConfigurationPlatforms) = preSolution
		Debug|Any CPU = Debug|Any CPU
		Release|Any CPU = Release|Any CPU
	EndGlobalSection
	GlobalSection(SolutionProperties) = preSolution
		HideSolutionNode = FALSE
	EndGlobalSection
	GlobalSection(ProjectConfigurationPlatforms) = postSolution
		{959C672C-5E0C-4FC6-A894-5AACB00F0793}.Debug|Any CPU.ActiveCfg = Debug|Any CPU
		{959C672C-5E0C-4FC6-A894-5AACB00F0793}.Debug|Any CPU.Build.0 = Debug|Any CPU
		{959C672C-5E0C-4FC6-A894-5AACB00F0793}.Release|Any CPU.ActiveCfg = Release|Any CPU
		{959C672C-5E0C-4FC6-A894-5AACB00F0793}.Release|Any CPU.Build.0 = Release|Any CPU
		{12345678-1234-1234-1234-123456789012}.Debug|Any CPU.ActiveCfg = Debug|Any CPU
		{12345678-1234-1234-1234-123456789012}.Debug|Any CPU.Build.0 = Debug|Any CPU
		{12345678-1234-1234-1234-123456789012}.Release|Any CPU.ActiveCfg = Release|Any CPU
		{12345678-1234-1234-1234-123456789012}.Release|Any CPU.Build.0 = Release|Any CPU
	EndGlobalSection
	GlobalSection(NestedProjects) = preSolution
		{959C672C-5E0C-4FC6-A894-5AACB00F0793} = {45E1B1B7-CB53-445A-9F27-5F6A02610D09}
		{12345678-1234-1234-1234-123456789012} = {45E1B1B7-CB53-445A-9F27-5F6A02610D09}
	EndGlobalSection
EndGlobal
