
Microsoft Visual Studio Solution File, Format Version 12.00
# Visual Studio Version 17
VisualStudioVersion = 17.5.002.0
MinimumVisualStudioVersion = 10.0.40219.1
Project("{2150E333-8FDC-42A3-9474-1A3956D46DE8}") = "src", "src", "{4E89DF0A-DF9B-4DAB-AB64-8B3A18DA0486}"
EndProject
Project("{9A19103F-16F7-4668-BE54-9A1E7A4F7556}") = "BlogAPI", "src\BlogAPI\BlogAPI.csproj", "{529B3E01-5DFC-4D1E-BF72-D4FDA2EC97F6}"
EndProject
Global
	GlobalSection(SolutionConfigurationPlatforms) = preSolution
		Debug|Any CPU = Debug|Any CPU
		Release|Any CPU = Release|Any CPU
	EndGlobalSection
	GlobalSection(ProjectConfigurationPlatforms) = postSolution
		{529B3E01-5DFC-4D1E-BF72-D4FDA2EC97F6}.Debug|Any CPU.ActiveCfg = Debug|Any CPU
		{529B3E01-5DFC-4D1E-BF72-D4FDA2EC97F6}.Debug|Any CPU.Build.0 = Debug|Any CPU
		{529B3E01-5DFC-4D1E-BF72-D4FDA2EC97F6}.Release|Any CPU.ActiveCfg = Release|Any CPU
		{529B3E01-5DFC-4D1E-BF72-D4FDA2EC97F6}.Release|Any CPU.Build.0 = Release|Any CPU
	EndGlobalSection
	GlobalSection(SolutionProperties) = preSolution
		HideSolutionNode = FALSE
	EndGlobalSection
	GlobalSection(NestedProjects) = preSolution
		{529B3E01-5DFC-4D1E-BF72-D4FDA2EC97F6} = {4E89DF0A-DF9B-4DAB-AB64-8B3A18DA0486}
	EndGlobalSection
	GlobalSection(ExtensibilityGlobals) = postSolution
		SolutionGuid = {7EB3154C-C89C-4218-BDE2-D3939A82DBA7}
	EndGlobalSection
EndGlobal
